PODS:
  - MarkdownView (1.7.1)
  - SwiftLint (0.40.3)

DEPENDENCIES:
  - MarkdownView
  - SwiftLint

SPEC REPOS:
  trunk:
    - MarkdownView
    - SwiftLint

SPEC CHECKSUMS:
  MarkdownView: cf30a97ab39b2bce04406adce541972c882363bd
  SwiftLint: dfd554ff0dff17288ee574814ccdd5cea85d76f7

PODFILE CHECKSUM: b2ec70e574a9c46c5af330d66d871aa337996327

COCOAPODS: 1.9.3
